
Microsoft Visual Studio Solution File, Format Version 12.00
# Visual Studio Version 16
VisualStudioVersion = 16.0.29709.97
MinimumVisualStudioVersion = 10.0.40219.1
Project("{FAE04EC0-301F-11D3-BF4B-00C04F79EFBC}") = "BloodChem", "BloodChem\BloodChem.csproj", "{8123234D-08EE-4979-AEA9-16AF9A79D212}"
	ProjectSection(ProjectDependencies) = postProject
		{593779ED-2B0F-49A7-8929-983D428E5E2D} = {593779ED-2B0F-49A7-8929-983D428E5E2D}
	EndProjectSection
EndProject
Project("{FAE04EC0-301F-11D3-BF4B-00C04F79EFBC}") = "UserClassLibrary", "UserClassLibrary\UserClassLibrary.csproj", "{593779ED-2B0F-49A7-8929-983D428E5E2D}"
EndProject
Project("{FAE04EC0-301F-11D3-BF4B-00C04F79EFBC}") = "HypTest", "HypTest\HypTest.csproj", "{00B3BB85-6640-41AA-B427-FDA2536DFDE6}"
	ProjectSection(ProjectDependencies) = postProject
		{593779ED-2B0F-49A7-8929-983D428E5E2D} = {593779ED-2B0F-49A7-8929-983D428E5E2D}
	EndProjectSection
EndProject
Project("{54435603-DBB4-11D2-8724-00A0C9A8B90C}") = "Setup1", "Setup1\Setup1.vdproj", "{8CAF42C9-62C6-4D90-9B32-1199F737CA14}"
EndProject
Project("{840C416C-B8F3-42BC-B0DD-F6BB14C9F8CB}") = "AI Setup Project1", "E:\source\repos\AI Setup Project1\AI Setup Project1.aiproj", "{ABB46CC7-A4E5-423A-B0DF-B53E84FF169B}"
EndProject
Project("{FAE04EC0-301F-11D3-BF4B-00C04F79EFBC}") = "HypTest2", "HypTest2\HypTest2.csproj", "{742F1B20-EE0B-4B04-BE04-0233E29CFB47}"
EndProject
Global
	GlobalSection(SolutionConfigurationPlatforms) = preSolution
		All|Any CPU = All|Any CPU
		All|x86 = All|x86
		Debug|Any CPU = Debug|Any CPU
		Debug|x86 = Debug|x86
		Release|Any CPU = Release|Any CPU
		Release|x86 = Release|x86
	EndGlobalSection
	GlobalSection(ProjectConfigurationPlatforms) = postSolution
		{8123234D-08EE-4979-AEA9-16AF9A79D212}.All|Any CPU.ActiveCfg = Release|x86
		{8123234D-08EE-4979-AEA9-16AF9A79D212}.All|Any CPU.Build.0 = Release|x86
		{8123234D-08EE-4979-AEA9-16AF9A79D212}.All|x86.ActiveCfg = Release|x86
		{8123234D-08EE-4979-AEA9-16AF9A79D212}.All|x86.Build.0 = Release|x86
		{8123234D-08EE-4979-AEA9-16AF9A79D212}.Debug|Any CPU.ActiveCfg = Debug|x86
		{8123234D-08EE-4979-AEA9-16AF9A79D212}.Debug|Any CPU.Build.0 = Debug|x86
		{8123234D-08EE-4979-AEA9-16AF9A79D212}.Debug|x86.ActiveCfg = Debug|x86
		{8123234D-08EE-4979-AEA9-16AF9A79D212}.Debug|x86.Build.0 = Debug|x86
		{8123234D-08EE-4979-AEA9-16AF9A79D212}.Release|Any CPU.ActiveCfg = Release|x86
		{8123234D-08EE-4979-AEA9-16AF9A79D212}.Release|x86.ActiveCfg = Release|x86
		{8123234D-08EE-4979-AEA9-16AF9A79D212}.Release|x86.Build.0 = Release|x86
		{593779ED-2B0F-49A7-8929-983D428E5E2D}.All|Any CPU.ActiveCfg = Release|Any CPU
		{593779ED-2B0F-49A7-8929-983D428E5E2D}.All|Any CPU.Build.0 = Release|Any CPU
		{593779ED-2B0F-49A7-8929-983D428E5E2D}.All|x86.ActiveCfg = Release|Any CPU
		{593779ED-2B0F-49A7-8929-983D428E5E2D}.All|x86.Build.0 = Release|Any CPU
		{593779ED-2B0F-49A7-8929-983D428E5E2D}.Debug|Any CPU.ActiveCfg = Debug|Any CPU
		{593779ED-2B0F-49A7-8929-983D428E5E2D}.Debug|Any CPU.Build.0 = Debug|Any CPU
		{593779ED-2B0F-49A7-8929-983D428E5E2D}.Debug|x86.ActiveCfg = Debug|Any CPU
		{593779ED-2B0F-49A7-8929-983D428E5E2D}.Debug|x86.Build.0 = Debug|Any CPU
		{593779ED-2B0F-49A7-8929-983D428E5E2D}.Release|Any CPU.ActiveCfg = Release|Any CPU
		{593779ED-2B0F-49A7-8929-983D428E5E2D}.Release|Any CPU.Build.0 = Release|Any CPU
		{593779ED-2B0F-49A7-8929-983D428E5E2D}.Release|x86.ActiveCfg = Release|Any CPU
		{593779ED-2B0F-49A7-8929-983D428E5E2D}.Release|x86.Build.0 = Release|Any CPU
		{00B3BB85-6640-41AA-B427-FDA2536DFDE6}.All|Any CPU.ActiveCfg = Release|x86
		{00B3BB85-6640-41AA-B427-FDA2536DFDE6}.All|Any CPU.Build.0 = Release|x86
		{00B3BB85-6640-41AA-B427-FDA2536DFDE6}.All|x86.ActiveCfg = Release|x86
		{00B3BB85-6640-41AA-B427-FDA2536DFDE6}.All|x86.Build.0 = Release|x86
		{00B3BB85-6640-41AA-B427-FDA2536DFDE6}.Debug|Any CPU.ActiveCfg = Debug|x86
		{00B3BB85-6640-41AA-B427-FDA2536DFDE6}.Debug|Any CPU.Build.0 = Debug|x86
		{00B3BB85-6640-41AA-B427-FDA2536DFDE6}.Debug|x86.ActiveCfg = Debug|x86
		{00B3BB85-6640-41AA-B427-FDA2536DFDE6}.Debug|x86.Build.0 = Debug|x86
		{00B3BB85-6640-41AA-B427-FDA2536DFDE6}.Release|Any CPU.ActiveCfg = Release|x86
		{00B3BB85-6640-41AA-B427-FDA2536DFDE6}.Release|x86.ActiveCfg = Release|x86
		{00B3BB85-6640-41AA-B427-FDA2536DFDE6}.Release|x86.Build.0 = Release|x86
		{8CAF42C9-62C6-4D90-9B32-1199F737CA14}.All|Any CPU.ActiveCfg = Release
		{8CAF42C9-62C6-4D90-9B32-1199F737CA14}.All|Any CPU.Build.0 = Release
		{8CAF42C9-62C6-4D90-9B32-1199F737CA14}.All|x86.ActiveCfg = Release
		{8CAF42C9-62C6-4D90-9B32-1199F737CA14}.All|x86.Build.0 = Release
		{8CAF42C9-62C6-4D90-9B32-1199F737CA14}.Debug|Any CPU.ActiveCfg = Debug
		{8CAF42C9-62C6-4D90-9B32-1199F737CA14}.Debug|x86.ActiveCfg = Debug
		{8CAF42C9-62C6-4D90-9B32-1199F737CA14}.Release|Any CPU.ActiveCfg = Release
		{8CAF42C9-62C6-4D90-9B32-1199F737CA14}.Release|x86.ActiveCfg = Release
		{8CAF42C9-62C6-4D90-9B32-1199F737CA14}.Release|x86.Build.0 = Release
		{ABB46CC7-A4E5-423A-B0DF-B53E84FF169B}.All|Any CPU.ActiveCfg = DefaultBuild
		{ABB46CC7-A4E5-423A-B0DF-B53E84FF169B}.All|Any CPU.Build.0 = DefaultBuild
		{ABB46CC7-A4E5-423A-B0DF-B53E84FF169B}.All|x86.ActiveCfg = DefaultBuild
		{ABB46CC7-A4E5-423A-B0DF-B53E84FF169B}.All|x86.Build.0 = DefaultBuild
		{ABB46CC7-A4E5-423A-B0DF-B53E84FF169B}.Debug|Any CPU.ActiveCfg = DefaultBuild
		{ABB46CC7-A4E5-423A-B0DF-B53E84FF169B}.Debug|Any CPU.Build.0 = DefaultBuild
		{ABB46CC7-A4E5-423A-B0DF-B53E84FF169B}.Debug|x86.ActiveCfg = DefaultBuild
		{ABB46CC7-A4E5-423A-B0DF-B53E84FF169B}.Debug|x86.Build.0 = DefaultBuild
		{ABB46CC7-A4E5-423A-B0DF-B53E84FF169B}.Release|Any CPU.ActiveCfg = DefaultBuild
		{ABB46CC7-A4E5-423A-B0DF-B53E84FF169B}.Release|Any CPU.Build.0 = DefaultBuild
		{ABB46CC7-A4E5-423A-B0DF-B53E84FF169B}.Release|x86.ActiveCfg = DefaultBuild
		{ABB46CC7-A4E5-423A-B0DF-B53E84FF169B}.Release|x86.Build.0 = DefaultBuild
		{742F1B20-EE0B-4B04-BE04-0233E29CFB47}.All|Any CPU.ActiveCfg = Release|x86
		{742F1B20-EE0B-4B04-BE04-0233E29CFB47}.All|Any CPU.Build.0 = Release|x86
		{742F1B20-EE0B-4B04-BE04-0233E29CFB47}.All|x86.ActiveCfg = Release|x86
		{742F1B20-EE0B-4B04-BE04-0233E29CFB47}.All|x86.Build.0 = Release|x86
		{742F1B20-EE0B-4B04-BE04-0233E29CFB47}.Debug|Any CPU.ActiveCfg = Debug|x86
		{742F1B20-EE0B-4B04-BE04-0233E29CFB47}.Debug|Any CPU.Build.0 = Debug|x86
		{742F1B20-EE0B-4B04-BE04-0233E29CFB47}.Debug|x86.ActiveCfg = Debug|x86
		{742F1B20-EE0B-4B04-BE04-0233E29CFB47}.Debug|x86.Build.0 = Debug|x86
		{742F1B20-EE0B-4B04-BE04-0233E29CFB47}.Release|Any CPU.ActiveCfg = Release|x86
		{742F1B20-EE0B-4B04-BE04-0233E29CFB47}.Release|x86.ActiveCfg = Release|x86
		{742F1B20-EE0B-4B04-BE04-0233E29CFB47}.Release|x86.Build.0 = Release|x86
	EndGlobalSection
	GlobalSection(SolutionProperties) = preSolution
		HideSolutionNode = FALSE
	EndGlobalSection
	GlobalSection(ExtensibilityGlobals) = postSolution
		SolutionGuid = {965D8967-478A-43A8-A263-75E9754AAC92}
	EndGlobalSection
EndGlobal
